
Microsoft Visual Studio Solution File, Format Version 12.00
# Visual Studio 15
VisualStudioVersion = 15.0.26228.9
MinimumVisualStudioVersion = 10.0.40219.1
Project("{FAE04EC0-301F-11D3-BF4B-00C04F79EFBC}") = "OffSite.Web", "OffSite.Web\OffSite.Web.csproj", "{616E33D8-A742-4916-9EBA-D4D390AF6446}"
EndProject
Project("{FAE04EC0-301F-11D3-BF4B-00C04F79EFBC}") = "OffSite.Data", "OffSite.Data\OffSite.Data.csproj", "{47CF096B-05CE-4545-B62C-A6825140DF2A}"
EndProject
Project("{FAE04EC0-301F-11D3-BF4B-00C04F79EFBC}") = "OffSite.Abstraction", "OffSite.Abstraction\OffSite.Abstraction.csproj", "{4FD8B932-29DD-4175-B561-A677B0CBB643}"
EndProject
Global
	GlobalSection(SolutionConfigurationPlatforms) = preSolution
		Debug|Any CPU = Debug|Any CPU
		Release|Any CPU = Release|Any CPU
	EndGlobalSection
	GlobalSection(ProjectConfigurationPlatforms) = postSolution
		{616E33D8-A742-4916-9EBA-D4D390AF6446}.Debug|Any CPU.ActiveCfg = Debug|Any CPU
		{616E33D8-A742-4916-9EBA-D4D390AF6446}.Debug|Any CPU.Build.0 = Debug|Any CPU
		{616E33D8-A742-4916-9EBA-D4D390AF6446}.Release|Any CPU.ActiveCfg = Release|Any CPU
		{616E33D8-A742-4916-9EBA-D4D390AF6446}.Release|Any CPU.Build.0 = Release|Any CPU
		{47CF096B-05CE-4545-B62C-A6825140DF2A}.Debug|Any CPU.ActiveCfg = Debug|Any CPU
		{47CF096B-05CE-4545-B62C-A6825140DF2A}.Debug|Any CPU.Build.0 = Debug|Any CPU
		{47CF096B-05CE-4545-B62C-A6825140DF2A}.Release|Any CPU.ActiveCfg = Release|Any CPU
		{47CF096B-05CE-4545-B62C-A6825140DF2A}.Release|Any CPU.Build.0 = Release|Any CPU
		{4FD8B932-29DD-4175-B561-A677B0CBB643}.Debug|Any CPU.ActiveCfg = Debug|Any CPU
		{4FD8B932-29DD-4175-B561-A677B0CBB643}.Debug|Any CPU.Build.0 = Debug|Any CPU
		{4FD8B932-29DD-4175-B561-A677B0CBB643}.Release|Any CPU.ActiveCfg = Release|Any CPU
		{4FD8B932-29DD-4175-B561-A677B0CBB643}.Release|Any CPU.Build.0 = Release|Any CPU
	EndGlobalSection
	GlobalSection(SolutionProperties) = preSolution
		HideSolutionNode = FALSE
	EndGlobalSection
EndGlobal
